{
  "name": "@aabenoja/conventional-changelog-eslint-lerna",
  "version": "1.0.0",
  "lockfileVersion": 1,
  "requires": true,
  "dependencies": {
    "conventional-changelog-eslint": {
      "version": "3.0.9",
      "resolved": "https://registry.npmjs.org/conventional-changelog-eslint/-/conventional-changelog-eslint-3.0.9.tgz",
      "integrity": "sha512-6NpUCMgU8qmWmyAMSZO5NrRd7rTgErjrm4VASam2u5jrZS0n38V7Y9CzTtLT2qwz5xEChDR4BduoWIr8TfwvXA==",
      "requires": {
        "q": "^1.5.1"
      }
    },
    "q": {
      "version": "1.5.1",
      "resolved": "https://registry.npmjs.org/q/-/q-1.5.1.tgz",
      "integrity": "sha1-fjL3W0E4EpHQRhHxvxQQmsAGUdc="
    }
  }
}
